// !$*UTF8*$!
{
	archiveVersion = 1;
	classes = {
	};
	objectVersion = 77;
	objects = {

/* Begin PBXContainerItemProxy section */
		CA200C6A2DE980B400E48B0F /* PBXContainerItemProxy */ = {
			isa = PBXContainerItemProxy;
			containerPortal = CA200C512DE980B300E48B0F /* Project object */;
			proxyType = 1;
			remoteGlobalIDString = CA200C582DE980B300E48B0F;
			remoteInfo = yunkePreguntas;
		};
		CA200C742DE980B400E48B0F /* PBXContainerItemProxy */ = {
			isa = PBXContainerItemProxy;
			containerPortal = CA200C512DE980B300E48B0F /* Project object */;
			proxyType = 1;
			remoteGlobalIDString = CA200C582DE980B300E48B0F;
			remoteInfo = yunkePreguntas;
		};
/* End PBXContainerItemProxy section */

/* Begin PBXFileReference section */
		CA200C592DE980B300E48B0F /* yunkePreguntas.app */ = {isa = PBXFileReference; explicitFileType = wrapper.application; includeInIndex = 0; path = yunkePreguntas.app; sourceTree = BUILT_PRODUCTS_DIR; };
		CA200C692DE980B400E48B0F /* yunkePreguntasTests.xctest */ = {isa = PBXFileReference; explicitFileType = wrapper.cfbundle; includeInIndex = 0; path = yunkePreguntasTests.xctest; sourceTree = BUILT_PRODUCTS_DIR; };
		CA200C732DE980B400E48B0F /* yunkePreguntasUITests.xctest */ = {isa = PBXFileReference; explicitFileType = wrapper.cfbundle; includeInIndex = 0; path = yunkePreguntasUITests.xctest; sourceTree = BUILT_PRODUCTS_DIR; };
/* End PBXFileReference section */

/* Begin PBXFileSystemSynchronizedRootGroup section */
		CA200C5B2DE980B300E48B0F /* yunkePreguntas */ = {
			isa = PBXFileSystemSynchronizedRootGroup;
			path = yunkePreguntas;
			sourceTree = "<group>";
		};
		CA200C6C2DE980B400E48B0F /* yunkePreguntasTests */ = {
			isa = PBXFileSystemSynchronizedRootGroup;
			path = yunkePreguntasTests;
			sourceTree = "<group>";
		};
		CA200C762DE980B400E48B0F /* yunkePreguntasUITests */ = {
			isa = PBXFileSystemSynchronizedRootGroup;
			path = yunkePreguntasUITests;
			sourceTree = "<group>";
		};
/* End PBXFileSystemSynchronizedRootGroup section */

/* Begin PBXFrameworksBuildPhase section */
		CA200C562DE980B300E48B0F /* Frameworks */ = {
			isa = PBXFrameworksBuildPhase;
			buildActionMask = 2147483647;
			files = (
			);
			runOnlyForDeploymentPostprocessing = 0;
		};
		CA200C662DE980B400E48B0F /* Frameworks */ = {
			isa = PBXFrameworksBuildPhase;
			buildActionMask = 2147483647;
			files = (
			);
			runOnlyForDeploymentPostprocessing = 0;
		};
		CA200C702DE980B400E48B0F /* Frameworks */ = {
			isa = PBXFrameworksBuildPhase;
			buildActionMask = 2147483647;
			files = (
			);
			runOnlyForDeploymentPostprocessing = 0;
		};
/* End PBXFrameworksBuildPhase section */

/* Begin PBXGroup section */
		CA200C502DE980B300E48B0F = {
			isa = PBXGroup;
			children = (
				CA200C5B2DE980B300E48B0F /* yunkePreguntas */,
				CA200C6C2DE980B400E48B0F /* yunkePreguntasTests */,
				CA200C762DE980B400E48B0F /* yunkePreguntasUITests */,
				CA200C5A2DE980B300E48B0F /* Products */,
			);
			sourceTree = "<group>";
		};
		CA200C5A2DE980B300E48B0F /* Products */ = {
			isa = PBXGroup;
			children = (
				CA200C592DE980B300E48B0F /* yunkePreguntas.app */,
				CA200C692DE980B400E48B0F /* yunkePreguntasTests.xctest */,
				CA200C732DE980B400E48B0F /* yunkePreguntasUITests.xctest */,
			);
			name = Products;
			sourceTree = "<group>";
		};
/* End PBXGroup section */

/* Begin PBXNativeTarget section */
		CA200C582DE980B300E48B0F /* yunkePreguntas */ = {
			isa = PBXNativeTarget;
			buildConfigurationList = CA200C7D2DE980B400E48B0F /* Build configuration list for PBXNativeTarget "yunkePreguntas" */;
			buildPhases = (
				CA200C552DE980B300E48B0F /* Sources */,
				CA200C562DE980B300E48B0F /* Frameworks */,
				CA200C572DE980B300E48B0F /* Resources */,
			);
			buildRules = (
			);
			dependencies = (
			);
			fileSystemSynchronizedGroups = (
				CA200C5B2DE980B300E48B0F /* yunkePreguntas */,
			);
			name = yunkePreguntas;
			packageProductDependencies = (
			);
			productName = yunkePreguntas;
			productReference = CA200C592DE980B300E48B0F /* yunkePreguntas.app */;
			productType = "com.apple.product-type.application";
		};
		CA200C682DE980B400E48B0F /* yunkePreguntasTests */ = {
			isa = PBXNativeTarget;
			buildConfigurationList = CA200C802DE980B400E48B0F /* Build configuration list for PBXNativeTarget "yunkePreguntasTests" */;
			buildPhases = (
				CA200C652DE980B400E48B0F /* Sources */,
				CA200C662DE980B400E48B0F /* Frameworks */,
				CA200C672DE980B400E48B0F /* Resources */,
			);
			buildRules = (
			);
			dependencies = (
				CA200C6B2DE980B400E48B0F /* PBXTargetDependency */,
			);
			fileSystemSynchronizedGroups = (
				CA200C6C2DE980B400E48B0F /* yunkePreguntasTests */,
			);
			name = yunkePreguntasTests;
			packageProductDependencies = (
			);
			productName = yunkePreguntasTests;
			productReference = CA200C692DE980B400E48B0F /* yunkePreguntasTests.xctest */;
			productType = "com.apple.product-type.bundle.unit-test";
		};
		CA200C722DE980B400E48B0F /* yunkePreguntasUITests */ = {
			isa = PBXNativeTarget;
			buildConfigurationList = CA200C832DE980B400E48B0F /* Build configuration list for PBXNativeTarget "yunkePreguntasUITests" */;
			buildPhases = (
				CA200C6F2DE980B400E48B0F /* Sources */,
				CA200C702DE980B400E48B0F /* Frameworks */,
				CA200C712DE980B400E48B0F /* Resources */,
			);
			buildRules = (
			);
			dependencies = (
				CA200C752DE980B400E48B0F /* PBXTargetDependency */,
			);
			fileSystemSynchronizedGroups = (
				CA200C762DE980B400E48B0F /* yunkePreguntasUITests */,
			);
			name = yunkePreguntasUITests;
			packageProductDependencies = (
			);
			productName = yunkePreguntasUITests;
			productReference = CA200C732DE980B400E48B0F /* yunkePreguntasUITests.xctest */;
			productType = "com.apple.product-type.bundle.ui-testing";
		};
/* End PBXNativeTarget section */

/* Begin PBXProject section */
		CA200C512DE980B300E48B0F /* Project object */ = {
			isa = PBXProject;
			attributes = {
				BuildIndependentTargetsInParallel = 1;
				LastSwiftUpdateCheck = 1620;
				LastUpgradeCheck = 1620;
				TargetAttributes = {
					CA200C582DE980B300E48B0F = {
						CreatedOnToolsVersion = 16.2;
					};
					CA200C682DE980B400E48B0F = {
						CreatedOnToolsVersion = 16.2;
						TestTargetID = CA200C582DE980B300E48B0F;
					};
					CA200C722DE980B400E48B0F = {
						CreatedOnToolsVersion = 16.2;
						TestTargetID = CA200C582DE980B300E48B0F;
					};
				};
			};
			buildConfigurationList = CA200C542DE980B300E48B0F /* Build configuration list for PBXProject "yunkePreguntas" */;
			developmentRegion = en;
			hasScannedForEncodings = 0;
			knownRegions = (
				en,
				Base,
			);
			mainGroup = CA200C502DE980B300E48B0F;
			minimizedProjectReferenceProxies = 1;
			preferredProjectObjectVersion = 77;
			productRefGroup = CA200C5A2DE980B300E48B0F /* Products */;
			projectDirPath = "";
			projectRoot = "";
			targets = (
				CA200C582DE980B300E48B0F /* yunkePreguntas */,
				CA200C682DE980B400E48B0F /* yunkePreguntasTests */,
				CA200C722DE980B400E48B0F /* yunkePreguntasUITests */,
			);
		};
/* End PBXProject section */

/* Begin PBXResourcesBuildPhase section */
		CA200C572DE980B300E48B0F /* Resources */ = {
			isa = PBXResourcesBuildPhase;
			buildActionMask = 2147483647;
			files = (
			);
			runOnlyForDeploymentPostprocessing = 0;
		};
		CA200C672DE980B400E48B0F /* Resources */ = {
			isa = PBXResourcesBuildPhase;
			buildActionMask = 2147483647;
			files = (
			);
			runOnlyForDeploymentPostprocessing = 0;
		};
		CA200C712DE980B400E48B0F /* Resources */ = {
			isa = PBXResourcesBuildPhase;
			buildActionMask = 2147483647;
			files = (
			);
			runOnlyForDeploymentPostprocessing = 0;
		};
/* End PBXResourcesBuildPhase section */

/* Begin PBXSourcesBuildPhase section */
		CA200C552DE980B300E48B0F /* Sources */ = {
			isa = PBXSourcesBuildPhase;
			buildActionMask = 2147483647;
			files = (
			);
			runOnlyForDeploymentPostprocessing = 0;
		};
		CA200C652DE980B400E48B0F /* Sources */ = {
			isa = PBXSourcesBuildPhase;
			buildActionMask = 2147483647;
			files = (
			);
			runOnlyForDeploymentPostprocessing = 0;
		};
		CA200C6F2DE980B400E48B0F /* Sources */ = {
			isa = PBXSourcesBuildPhase;
			buildActionMask = 2147483647;
			files = (
			);
			runOnlyForDeploymentPostprocessing = 0;
		};
/* End PBXSourcesBuildPhase section */

/* Begin PBXTargetDependency section */
		CA200C6B2DE980B400E48B0F /* PBXTargetDependency */ = {
			isa = PBXTargetDependency;
			target = CA200C582DE980B300E48B0F /* yunkePreguntas */;
			targetProxy = CA200C6A2DE980B400E48B0F /* PBXContainerItemProxy */;
		};
		CA200C752DE980B400E48B0F /* PBXTargetDependency */ = {
			isa = PBXTargetDependency;
			target = CA200C582DE980B300E48B0F /* yunkePreguntas */;
			targetProxy = CA200C742DE980B400E48B0F /* PBXContainerItemProxy */;
		};
/* End PBXTargetDependency section */

/* Begin XCBuildConfiguration section */
		CA200C7B2DE980B400E48B0F /* Debug */ = {
			isa = XCBuildConfiguration;
			buildSettings = {
				ALWAYS_SEARCH_USER_PATHS = NO;
				ASSETCATALOG_COMPILER_GENERATE_SWIFT_ASSET_SYMBOL_EXTENSIONS = YES;
				CLANG_ANALYZER_NONNULL = YES;
				CLANG_ANALYZER_NUMBER_OBJECT_CONVERSION = YES_AGGRESSIVE;
				CLANG_CXX_LANGUAGE_STANDARD = "gnu++20";
				CLANG_ENABLE_MODULES = YES;
				CLANG_ENABLE_OBJC_ARC = YES;
				CLANG_ENABLE_OBJC_WEAK = YES;
				CLANG_WARN_BLOCK_CAPTURE_AUTORELEASING = YES;
				CLANG_WARN_BOOL_CONVERSION = YES;
				CLANG_WARN_COMMA = YES;
				CLANG_WARN_CONSTANT_CONVERSION = YES;
				CLANG_WARN_DEPRECATED_OBJC_IMPLEMENTATIONS = YES;
				CLANG_WARN_DIRECT_OBJC_ISA_USAGE = YES_ERROR;
				CLANG_WARN_DOCUMENTATION_COMMENTS = YES;
				CLANG_WARN_EMPTY_BODY = YES;
				CLANG_WARN_ENUM_CONVERSION = YES;
				CLANG_WARN_INFINITE_RECURSION = YES;
				CLANG_WARN_INT_CONVERSION = YES;
				CLANG_WARN_NON_LITERAL_NULL_CONVERSION = YES;
				CLANG_WARN_OBJC_IMPLICIT_RETAIN_SELF = YES;
				CLANG_WARN_OBJC_LITERAL_CONVERSION = YES;
				CLANG_WARN_OBJC_ROOT_CLASS = YES_ERROR;
				CLANG_WARN_QUOTED_INCLUDE_IN_FRAMEWORK_HEADER = YES;
				CLANG_WARN_RANGE_LOOP_ANALYSIS = YES;
				CLANG_WARN_STRICT_PROTOTYPES = YES;
				CLANG_WARN_SUSPICIOUS_MOVE = YES;
				CLANG_WARN_UNGUARDED_AVAILABILITY = YES_AGGRESSIVE;
				CLANG_WARN_UNREACHABLE_CODE = YES;
				CLANG_WARN__DUPLICATE_METHOD_MATCH = YES;
				COPY_PHASE_STRIP = NO;
				DEBUG_INFORMATION_FORMAT = dwarf;
				ENABLE_STRICT_OBJC_MSGSEND = YES;
				ENABLE_TESTABILITY = YES;
				ENABLE_USER_SCRIPT_SANDBOXING = YES;
				GCC_C_LANGUAGE_STANDARD = gnu17;
				GCC_DYNAMIC_NO_PIC = NO;
				GCC_NO_COMMON_BLOCKS = YES;
				GCC_OPTIMIZATION_LEVEL = 0;
				GCC_PREPROCESSOR_DEFINITIONS = (
					"DEBUG=1",
					"$(inherited)",
				);
				GCC_WARN_64_TO_32_BIT_CONVERSION = YES;
				GCC_WARN_ABOUT_RETURN_TYPE = YES_ERROR;
				GCC_WARN_UNDECLARED_SELECTOR = YES;
				GCC_WARN_UNINITIALIZED_AUTOS = YES_AGGRESSIVE;
				GCC_WARN_UNUSED_FUNCTION = YES;
				GCC_WARN_UNUSED_VARIABLE = YES;
				IPHONEOS_DEPLOYMENT_TARGET = 18.2;
				LOCALIZATION_PREFERS_STRING_CATALOGS = YES;
				MTL_ENABLE_DEBUG_INFO = INCLUDE_SOURCE;
				MTL_FAST_MATH = YES;
				ONLY_ACTIVE_ARCH = YES;
				SDKROOT = iphoneos;
				SWIFT_ACTIVE_COMPILATION_CONDITIONS = "DEBUG $(inherited)";
				SWIFT_OPTIMIZATION_LEVEL = "-Onone";
			};
			name = Debug;
		};
		CA200C7C2DE980B400E48B0F /* Release */ = {
			isa = XCBuildConfiguration;
			buildSettings = {
				ALWAYS_SEARCH_USER_PATHS = NO;
				ASSETCATALOG_COMPILER_GENERATE_SWIFT_ASSET_SYMBOL_EXTENSIONS = YES;
				CLANG_ANALYZER_NONNULL = YES;
				CLANG_ANALYZER_NUMBER_OBJECT_CONVERSION = YES_AGGRESSIVE;
				CLANG_CXX_LANGUAGE_STANDARD = "gnu++20";
				CLANG_ENABLE_MODULES = YES;
				CLANG_ENABLE_OBJC_ARC = YES;
				CLANG_ENABLE_OBJC_WEAK = YES;
				CLANG_WARN_BLOCK_CAPTURE_AUTORELEASING = YES;
				CLANG_WARN_BOOL_CONVERSION = YES;
				CLANG_WARN_COMMA = YES;
				CLANG_WARN_CONSTANT_CONVERSION = YES;
				CLANG_WARN_DEPRECATED_OBJC_IMPLEMENTATIONS = YES;
				CLANG_WARN_DIRECT_OBJC_ISA_USAGE = YES_ERROR;
				CLANG_WARN_DOCUMENTATION_COMMENTS = YES;
				CLANG_WARN_EMPTY_BODY = YES;
				CLANG_WARN_ENUM_CONVERSION = YES;
				CLANG_WARN_INFINITE_RECURSION = YES;
				CLANG_WARN_INT_CONVERSION = YES;
				CLANG_WARN_NON_LITERAL_NULL_CONVERSION = YES;
				CLANG_WARN_OBJC_IMPLICIT_RETAIN_SELF = YES;
				CLANG_WARN_OBJC_LITERAL_CONVERSION = YES;
				CLANG_WARN_OBJC_ROOT_CLASS = YES_ERROR;
				CLANG_WARN_QUOTED_INCLUDE_IN_FRAMEWORK_HEADER = YES;
				CLANG_WARN_RANGE_LOOP_ANALYSIS = YES;
				CLANG_WARN_STRICT_PROTOTYPES = YES;
				CLANG_WARN_SUSPICIOUS_MOVE = YES;
				CLANG_WARN_UNGUARDED_AVAILABILITY = YES_AGGRESSIVE;
				CLANG_WARN_UNREACHABLE_CODE = YES;
				CLANG_WARN__DUPLICATE_METHOD_MATCH = YES;
				COPY_PHASE_STRIP = NO;
				DEBUG_INFORMATION_FORMAT = "dwarf-with-dsym";
				ENABLE_NS_ASSERTIONS = NO;
				ENABLE_STRICT_OBJC_MSGSEND = YES;
				ENABLE_USER_SCRIPT_SANDBOXING = YES;
				GCC_C_LANGUAGE_STANDARD = gnu17;
				GCC_NO_COMMON_BLOCKS = YES;
				GCC_WARN_64_TO_32_BIT_CONVERSION = YES;
				GCC_WARN_ABOUT_RETURN_TYPE = YES_ERROR;
				GCC_WARN_UNDECLARED_SELECTOR = YES;
				GCC_WARN_UNINITIALIZED_AUTOS = YES_AGGRESSIVE;
				GCC_WARN_UNUSED_FUNCTION = YES;
				GCC_WARN_UNUSED_VARIABLE = YES;
				IPHONEOS_DEPLOYMENT_TARGET = 18.2;
				LOCALIZATION_PREFERS_STRING_CATALOGS = YES;
				MTL_ENABLE_DEBUG_INFO = NO;
				MTL_FAST_MATH = YES;
				SDKROOT = iphoneos;
				SWIFT_COMPILATION_MODE = wholemodule;
				VALIDATE_PRODUCT = YES;
			};
			name = Release;
		};
		CA200C7E2DE980B400E48B0F /* Debug */ = {
			isa = XCBuildConfiguration;
			buildSettings = {
				ASSETCATALOG_COMPILER_APPICON_NAME = AppIcon;
				ASSETCATALOG_COMPILER_GLOBAL_ACCENT_COLOR_NAME = AccentColor;
				CODE_SIGN_STYLE = Automatic;
				CURRENT_PROJECT_VERSION = 1;
				DEVELOPMENT_ASSET_PATHS = "\"yunkePreguntas/Preview Content\"";
				ENABLE_PREVIEWS = YES;
				GENERATE_INFOPLIST_FILE = YES;
				INFOPLIST_KEY_UIApplicationSceneManifest_Generation = YES;
				INFOPLIST_KEY_UIApplicationSupportsIndirectInputEvents = YES;
				INFOPLIST_KEY_UILaunchScreen_Generation = YES;
				INFOPLIST_KEY_UISupportedInterfaceOrientations_iPad = "UIInterfaceOrientationPortrait UIInterfaceOrientationPortraitUpsideDown UIInterfaceOrientationLandscapeLeft UIInterfaceOrientationLandscapeRight";
				INFOPLIST_KEY_UISupportedInterfaceOrientations_iPhone = "UIInterfaceOrientationPortrait UIInterfaceOrientationLandscapeLeft UIInterfaceOrientationLandscapeRight";
				LD_RUNPATH_SEARCH_PATHS = (
					"$(inherited)",
					"@executable_path/Frameworks",
				);
				MARKETING_VERSION = 1.0;
				PRODUCT_BUNDLE_IDENTIFIER = Yunke.yunkePreguntas;
				PRODUCT_NAME = "$(TARGET_NAME)";
				SWIFT_EMIT_LOC_STRINGS = YES;
				SWIFT_VERSION = 5.0;
				TARGETED_DEVICE_FAMILY = "1,2";
			};
			name = Debug;
		};
		CA200C7F2DE980B400E48B0F /* Release */ = {
			isa = XCBuildConfiguration;
			buildSettings = {
				ASSETCATALOG_COMPILER_APPICON_NAME = AppIcon;
				ASSETCATALOG_COMPILER_GLOBAL_ACCENT_COLOR_NAME = AccentColor;
				CODE_SIGN_STYLE = Automatic;
				CURRENT_PROJECT_VERSION = 1;
				DEVELOPMENT_ASSET_PATHS = "\"yunkePreguntas/Preview Content\"";
				ENABLE_PREVIEWS = YES;
				GENERATE_INFOPLIST_FILE = YES;
				INFOPLIST_KEY_UIApplicationSceneManifest_Generation = YES;
				INFOPLIST_KEY_UIApplicationSupportsIndirectInputEvents = YES;
				INFOPLIST_KEY_UILaunchScreen_Generation = YES;
				INFOPLIST_KEY_UISupportedInterfaceOrientations_iPad = "UIInterfaceOrientationPortrait UIInterfaceOrientationPortraitUpsideDown UIInterfaceOrientationLandscapeLeft UIInterfaceOrientationLandscapeRight";
				INFOPLIST_KEY_UISupportedInterfaceOrientations_iPhone = "UIInterfaceOrientationPortrait UIInterfaceOrientationLandscapeLeft UIInterfaceOrientationLandscapeRight";
				LD_RUNPATH_SEARCH_PATHS = (
					"$(inherited)",
					"@executable_path/Frameworks",
				);
				MARKETING_VERSION = 1.0;
				PRODUCT_BUNDLE_IDENTIFIER = Yunke.yunkePreguntas;
				PRODUCT_NAME = "$(TARGET_NAME)";
				SWIFT_EMIT_LOC_STRINGS = YES;
				SWIFT_VERSION = 5.0;
				TARGETED_DEVICE_FAMILY = "1,2";
			};
			name = Release;
		};
		CA200C812DE980B400E48B0F /* Debug */ = {
			isa = XCBuildConfiguration;
			buildSettings = {
				BUNDLE_LOADER = "$(TEST_HOST)";
				CODE_SIGN_STYLE = Automatic;
				CURRENT_PROJECT_VERSION = 1;
				GENERATE_INFOPLIST_FILE = YES;
				IPHONEOS_DEPLOYMENT_TARGET = 18.2;
				MARKETING_VERSION = 1.0;
				PRODUCT_BUNDLE_IDENTIFIER = Yunke.yunkePreguntasTests;
				PRODUCT_NAME = "$(TARGET_NAME)";
				SWIFT_EMIT_LOC_STRINGS = NO;
				SWIFT_VERSION = 5.0;
				TARGETED_DEVICE_FAMILY = "1,2";
				TEST_HOST = "$(BUILT_PRODUCTS_DIR)/yunkePreguntas.app/$(BUNDLE_EXECUTABLE_FOLDER_PATH)/yunkePreguntas";
			};
			name = Debug;
		};
		CA200C822DE980B400E48B0F /* Release */ = {
			isa = XCBuildConfiguration;
			buildSettings = {
				BUNDLE_LOADER = "$(TEST_HOST)";
				CODE_SIGN_STYLE = Automatic;
				CURRENT_PROJECT_VERSION = 1;
				GENERATE_INFOPLIST_FILE = YES;
				IPHONEOS_DEPLOYMENT_TARGET = 18.2;
				MARKETING_VERSION = 1.0;
				PRODUCT_BUNDLE_IDENTIFIER = Yunke.yunkePreguntasTests;
				PRODUCT_NAME = "$(TARGET_NAME)";
				SWIFT_EMIT_LOC_STRINGS = NO;
				SWIFT_VERSION = 5.0;
				TARGETED_DEVICE_FAMILY = "1,2";
				TEST_HOST = "$(BUILT_PRODUCTS_DIR)/yunkePreguntas.app/$(BUNDLE_EXECUTABLE_FOLDER_PATH)/yunkePreguntas";
			};
			name = Release;
		};
		CA200C842DE980B400E48B0F /* Debug */ = {
			isa = XCBuildConfiguration;
			buildSettings = {
				CODE_SIGN_STYLE = Automatic;
				CURRENT_PROJECT_VERSION = 1;
				GENERATE_INFOPLIST_FILE = YES;
				MARKETING_VERSION = 1.0;
				PRODUCT_BUNDLE_IDENTIFIER = Yunke.yunkePreguntasUITests;
				PRODUCT_NAME = "$(TARGET_NAME)";
				SWIFT_EMIT_LOC_STRINGS = NO;
				SWIFT_VERSION = 5.0;
				TARGETED_DEVICE_FAMILY = "1,2";
				TEST_TARGET_NAME = yunkePreguntas;
			};
			name = Debug;
		};
		CA200C852DE980B400E48B0F /* Release */ = {
			isa = XCBuildConfiguration;
			buildSettings = {
				CODE_SIGN_STYLE = Automatic;
				CURRENT_PROJECT_VERSION = 1;
				GENERATE_INFOPLIST_FILE = YES;
				MARKETING_VERSION = 1.0;
				PRODUCT_BUNDLE_IDENTIFIER = Yunke.yunkePreguntasUITests;
				PRODUCT_NAME = "$(TARGET_NAME)";
				SWIFT_EMIT_LOC_STRINGS = NO;
				SWIFT_VERSION = 5.0;
				TARGETED_DEVICE_FAMILY = "1,2";
				TEST_TARGET_NAME = yunkePreguntas;
			};
			name = Release;
		};
/* End XCBuildConfiguration section */

/* Begin XCConfigurationList section */
		CA200C542DE980B300E48B0F /* Build configuration list for PBXProject "yunkePreguntas" */ = {
			isa = XCConfigurationList;
			buildConfigurations = (
				CA200C7B2DE980B400E48B0F /* Debug */,
				CA200C7C2DE980B400E48B0F /* Release */,
			);
			defaultConfigurationIsVisible = 0;
			defaultConfigurationName = Release;
		};
		CA200C7D2DE980B400E48B0F /* Build configuration list for PBXNativeTarget "yunkePreguntas" */ = {
			isa = XCConfigurationList;
			buildConfigurations = (
				CA200C7E2DE980B400E48B0F /* Debug */,
				CA200C7F2DE980B400E48B0F /* Release */,
			);
			defaultConfigurationIsVisible = 0;
			defaultConfigurationName = Release;
		};
		CA200C802DE980B400E48B0F /* Build configuration list for PBXNativeTarget "yunkePreguntasTests" */ = {
			isa = XCConfigurationList;
			buildConfigurations = (
				CA200C812DE980B400E48B0F /* Debug */,
				CA200C822DE980B400E48B0F /* Release */,
			);
			defaultConfigurationIsVisible = 0;
			defaultConfigurationName = Release;
		};
		CA200C832DE980B400E48B0F /* Build configuration list for PBXNativeTarget "yunkePreguntasUITests" */ = {
			isa = XCConfigurationList;
			buildConfigurations = (
				CA200C842DE980B400E48B0F /* Debug */,
				CA200C852DE980B400E48B0F /* Release */,
			);
			defaultConfigurationIsVisible = 0;
			defaultConfigurationName = Release;
		};
/* End XCConfigurationList section */
	};
	rootObject = CA200C512DE980B300E48B0F /* Project object */;
}
